
Microsoft Visual Studio Solution File, Format Version 12.00
# Visual Studio Version 17
VisualStudioVersion = 17.4.33103.184
MinimumVisualStudioVersion = 10.0.40219.1
Project("{FAE04EC0-301F-11D3-BF4B-00C04F79EFBC}") = "Theta", "Theta.csproj", "{D0A01963-B852-47E5-88CB-0E393900397B}"
EndProject
Global
	GlobalSection(SolutionConfigurationPlatforms) = preSolution
		Debug|Any CPU = Debug|Any CPU
		Release|Any CPU = Release|Any CPU
	EndGlobalSection
	GlobalSection(ProjectConfigurationPlatforms) = postSolution
		{D0A01963-B852-47E5-88CB-0E393900397B}.Debug|Any CPU.ActiveCfg = Debug|Any CPU
		{D0A01963-B852-47E5-88CB-0E393900397B}.Debug|Any CPU.Build.0 = Debug|Any CPU
		{D0A01963-B852-47E5-88CB-0E393900397B}.Release|Any CPU.ActiveCfg = Release|Any CPU
		{D0A01963-B852-47E5-88CB-0E393900397B}.Release|Any CPU.Build.0 = Release|Any CPU
	EndGlobalSection
	GlobalSection(SolutionProperties) = preSolution
		HideSolutionNode = FALSE
	EndGlobalSection
	GlobalSection(ExtensibilityGlobals) = postSolution
		SolutionGuid = {76ED132E-45F1-4085-AC6B-482B96E370BA}
	EndGlobalSection
EndGlobal
